{
    "_meta": {
        "hash": {
            "sha256": "1683942fcd3506677186c03cc27fedf15e5c7a8d4217b955911756a373edfc6c"
        },
        "pipfile-spec": 6,
        "requires": {
            "python_full_version": "3.8"
        },
        "sources": [
            {
                "name": "pypi",
                "url": "https://pypi.python.org/simple",
                "verify_ssl": true
            }
        ]
    },
    "default": {
        "argparse": {
            "hashes": [
                "sha256:62b089a55be1d8949cd2bc7e0df0bddb9e028faefc8c32038cc84862aefdd6e4",
                "sha256:c31647edb69fd3d465a847ea3157d37bed1f95f19760b11a47aa91c04b666314"
            ],
            "index": "pypi",
            "version": "==1.4.0"
        },
        "mido": {
            "hashes": [
                "sha256:c4a7d5528fefa3d3dcaa2056d4bc873e2c96a395658d15af5a89c8c3fa7c7acc",
                "sha256:fc6364efa028c8405166f63e6a83cbc6c17aaeac2c28680abe64ae48703a89dd"
            ],
            "index": "pypi",
            "version": "==1.2.9"
        },
        "rtmidi": {
            "hashes": [
                "sha256:f1ffd73d6571e6ce2769d77e247523738605a71c32d8f60b56a3b41002d0d54c"
            ],
            "index": "pypi",
            "version": "==2.3.4"
        }
    },
    "develop": {}
}
